# This file is autogenerated, do not edit; changes may be undone by the next 'dep ensure'.


[[projects]]
  name = "github.com/opencontainers/go-digest"
  packages = ["."]
  revision = "279bed98673dd5bef374d3b6e4b09e2af76183bf"
  version = "v1.0.0-rc1"

[solve-meta]
  analyzer-name = "dep"
  analyzer-version = 1
  inputs-digest = "1529741f9359e0e6055df2d4a467c9abb1d4aec5e437ce9e31a1aa32f1876dd4"
  solver-name = "gps-cdcl"
  solver-version = 1
